
Microsoft Visual Studio Solution File, Format Version 12.00
# Visual Studio 15
VisualStudioVersion = 15.0.27130.2026
MinimumVisualStudioVersion = 10.0.40219.1
Project("{FAE04EC0-301F-11D3-BF4B-00C04F79EFBC}") = "RobotArbitrage", "RobotArbitrage.csproj", "{9A6E4C97-E370-4BA1-90EF-2CC6808B3856}"
EndProject
Global
	GlobalSection(SolutionConfigurationPlatforms) = preSolution
		Debug|Any CPU = Debug|Any CPU
		Release|Any CPU = Release|Any CPU
	EndGlobalSection
	GlobalSection(ProjectConfigurationPlatforms) = postSolution
		{9A6E4C97-E370-4BA1-90EF-2CC6808B3856}.Debug|Any CPU.ActiveCfg = Debug|Any CPU
		{9A6E4C97-E370-4BA1-90EF-2CC6808B3856}.Debug|Any CPU.Build.0 = Debug|Any CPU
		{9A6E4C97-E370-4BA1-90EF-2CC6808B3856}.Release|Any CPU.ActiveCfg = Release|Any CPU
		{9A6E4C97-E370-4BA1-90EF-2CC6808B3856}.Release|Any CPU.Build.0 = Release|Any CPU
	EndGlobalSection
	GlobalSection(SolutionProperties) = preSolution
		HideSolutionNode = FALSE
	EndGlobalSection
	GlobalSection(ExtensibilityGlobals) = postSolution
		SolutionGuid = {9EA17DE4-9992-4A8A-BFF0-FCCE14DC07B0}
	EndGlobalSection
EndGlobal
